// !$*UTF8*$!
{
	archiveVersion = 1;
	classes = {
	};
	objectVersion = 46;
	objects = {

/* Begin PBXBuildFile section */
		27B79C6780BCE387A65A38D0 /* Pods_Qv1.framework in Frameworks */ = {isa = PBXBuildFile; fileRef = B8046ED601EC746EAD46B385 /* Pods_Qv1.framework */; };
		68012E701DB5A42600676EAF /* iPhone 7 Plus.png in Resources */ = {isa = PBXBuildFile; fileRef = 68012E6F1DB5A42600676EAF /* iPhone 7 Plus.png */; };
		68012E721DB5BEE000676EAF /* EnterPinViewController.swift in Sources */ = {isa = PBXBuildFile; fileRef = 68012E711DB5BEE000676EAF /* EnterPinViewController.swift */; };
		680DF2DE1DB5933200452A4E /* AppDelegate.swift in Sources */ = {isa = PBXBuildFile; fileRef = 680DF2DD1DB5933200452A4E /* AppDelegate.swift */; };
		680DF2E01DB5933200452A4E /* VerifyPhoneViewController.swift in Sources */ = {isa = PBXBuildFile; fileRef = 680DF2DF1DB5933200452A4E /* VerifyPhoneViewController.swift */; };
		680DF2E61DB5933200452A4E /* Qv1.xcdatamodeld in Sources */ = {isa = PBXBuildFile; fileRef = 680DF2E41DB5933200452A4E /* Qv1.xcdatamodeld */; };
		680DF2E81DB5933200452A4E /* Assets.xcassets in Resources */ = {isa = PBXBuildFile; fileRef = 680DF2E71DB5933200452A4E /* Assets.xcassets */; };
		680DF2EB1DB5933200452A4E /* LaunchScreen.storyboard in Resources */ = {isa = PBXBuildFile; fileRef = 680DF2E91DB5933200452A4E /* LaunchScreen.storyboard */; };
		680DF2FA1DB5960800452A4E /* ProximaNova-Light.otf in Resources */ = {isa = PBXBuildFile; fileRef = 680DF2F31DB595F800452A4E /* ProximaNova-Light.otf */; };
		680DF2FB1DB5960800452A4E /* ProximaNova-Reg.otf in Resources */ = {isa = PBXBuildFile; fileRef = 680DF2F41DB595F800452A4E /* ProximaNova-Reg.otf */; };
		680DF2FC1DB5960800452A4E /* ProximaNova-Sbold.otf in Resources */ = {isa = PBXBuildFile; fileRef = 680DF2F51DB595F800452A4E /* ProximaNova-Sbold.otf */; };
		680DF2FD1DB5960800452A4E /* ProximaNovaSoft-Bold.otf in Resources */ = {isa = PBXBuildFile; fileRef = 680DF2F61DB595F800452A4E /* ProximaNovaSoft-Bold.otf */; };
		680DF2FE1DB5960800452A4E /* ProximaNovaSoft-Medium.otf in Resources */ = {isa = PBXBuildFile; fileRef = 680DF2F71DB595F800452A4E /* ProximaNovaSoft-Medium.otf */; };
		680DF2FF1DB5960800452A4E /* ProximaNovaSoft.otf in Resources */ = {isa = PBXBuildFile; fileRef = 680DF2F81DB595F800452A4E /* ProximaNovaSoft.otf */; };
		680DF3001DB5960800452A4E /* SourceSansPro-LightIt.otf in Resources */ = {isa = PBXBuildFile; fileRef = 680DF2F91DB595F800452A4E /* SourceSansPro-LightIt.otf */; };
		680DF3021DB59A3A00452A4E /* quarry.png in Resources */ = {isa = PBXBuildFile; fileRef = 680DF3011DB59A3A00452A4E /* quarry.png */; };
		6819B6101DD904860099A98B /* green answer.png in Resources */ = {isa = PBXBuildFile; fileRef = 6819B60F1DD904860099A98B /* green answer.png */; };
		6819B6121DD9048A0099A98B /* red answer.png in Resources */ = {isa = PBXBuildFile; fileRef = 6819B6111DD9048A0099A98B /* red answer.png */; };
		6819B6141DD90B010099A98B /* grey answer.png in Resources */ = {isa = PBXBuildFile; fileRef = 6819B6131DD90B010099A98B /* grey answer.png */; };
		6819B6281DD958C50099A98B /* ask icon.png in Resources */ = {isa = PBXBuildFile; fileRef = 6819B6271DD958C50099A98B /* ask icon.png */; };
		6819B62E1DDA8D8E0099A98B /* mymessagetail.png in Resources */ = {isa = PBXBuildFile; fileRef = 6819B62D1DDA8D8E0099A98B /* mymessagetail.png */; };
		6819B6301DDA8E1E0099A98B /* friendmessagetail.png in Resources */ = {isa = PBXBuildFile; fileRef = 6819B62F1DDA8E1E0099A98B /* friendmessagetail.png */; };
		6819B6321DDAB0540099A98B /* conversationicon.png in Resources */ = {isa = PBXBuildFile; fileRef = 6819B6311DDAB0540099A98B /* conversationicon.png */; };
		6819B6341DDAB2760099A98B /* usericon.png in Resources */ = {isa = PBXBuildFile; fileRef = 6819B6331DDAB2760099A98B /* usericon.png */; };
		6819B6361DDB95B00099A98B /* De-selectedResultsIcon.png in Resources */ = {isa = PBXBuildFile; fileRef = 6819B6351DDB95B00099A98B /* De-selectedResultsIcon.png */; };
		6819B6381DDB95B50099A98B /* selectedResultsICon.png in Resources */ = {isa = PBXBuildFile; fileRef = 6819B6371DDB95B50099A98B /* selectedResultsICon.png */; };
		6819B63A1DDBA0EB0099A98B /* Login Button Background.png in Resources */ = {isa = PBXBuildFile; fileRef = 6819B6391DDBA0EB0099A98B /* Login Button Background.png */; };
		6819B63C1DDBB3380099A98B /* MostVotesAnswerBackground.png in Resources */ = {isa = PBXBuildFile; fileRef = 6819B63B1DDBB3380099A98B /* MostVotesAnswerBackground.png */; };
		6819B63E1DDBB3AB0099A98B /* LeastVotesAnswerBackground.png in Resources */ = {isa = PBXBuildFile; fileRef = 6819B63D1DDBB3AB0099A98B /* LeastVotesAnswerBackground.png */; };
		6819B6401DDD1A270099A98B /* reloadAnswersIcon.png in Resources */ = {isa = PBXBuildFile; fileRef = 6819B63F1DDD1A270099A98B /* reloadAnswersIcon.png */; };
		6819B6461DDE7D440099A98B /* ChatMemberCollectionViewCell.swift in Sources */ = {isa = PBXBuildFile; fileRef = 6819B6451DDE7D440099A98B /* ChatMemberCollectionViewCell.swift */; };
		68219A6F1E00AABE004E822F /* cameraIcon.png in Resources */ = {isa = PBXBuildFile; fileRef = 68219A6E1E00AABE004E822F /* cameraIcon.png */; };
		68219A711E00B0B9004E822F /* galleryIcon.png in Resources */ = {isa = PBXBuildFile; fileRef = 68219A701E00B0B9004E822F /* galleryIcon.png */; };
		68219A741E033032004E822F /* redBackground.png in Resources */ = {isa = PBXBuildFile; fileRef = 68219A721E033032004E822F /* redBackground.png */; };
		68219A751E033032004E822F /* greenBackground.png in Resources */ = {isa = PBXBuildFile; fileRef = 68219A731E033032004E822F /* greenBackground.png */; };
		68219A771E0AFEEA004E822F /* FriendsViewController.swift in Sources */ = {isa = PBXBuildFile; fileRef = 68219A761E0AFEEA004E822F /* FriendsViewController.swift */; };
		68219A791E0B016E004E822F /* EditFriendTableViewCell.swift in Sources */ = {isa = PBXBuildFile; fileRef = 68219A781E0B016E004E822F /* EditFriendTableViewCell.swift */; };
		68219A7C1E0B04FA004E822F /* EditGroupTableViewCell.swift in Sources */ = {isa = PBXBuildFile; fileRef = 68219A7B1E0B04FA004E822F /* EditGroupTableViewCell.swift */; };
		68219A7E1E0B3096004E822F /* addGroup.png in Resources */ = {isa = PBXBuildFile; fileRef = 68219A7D1E0B3096004E822F /* addGroup.png */; };
		682572871DF0DADF006150DB /* PollGroupMemberCollectionViewCell.swift in Sources */ = {isa = PBXBuildFile; fileRef = 682572861DF0DADF006150DB /* PollGroupMemberCollectionViewCell.swift */; };
		682572911DF112A7006150DB /* Answer 1 Conversation (In-active).png in Resources */ = {isa = PBXBuildFile; fileRef = 682572891DF112A7006150DB /* Answer 1 Conversation (In-active).png */; };
		682572921DF112A7006150DB /* Answer 1 Conversation Icon (Active).png in Resources */ = {isa = PBXBuildFile; fileRef = 6825728A1DF112A7006150DB /* Answer 1 Conversation Icon (Active).png */; };
		682572931DF112A7006150DB /* Answer 2 Conversation (Active).png in Resources */ = {isa = PBXBuildFile; fileRef = 6825728B1DF112A7006150DB /* Answer 2 Conversation (Active).png */; };
		682572941DF112A7006150DB /* Answer 2 Conversation (In-active).png in Resources */ = {isa = PBXBuildFile; fileRef = 6825728C1DF112A7006150DB /* Answer 2 Conversation (In-active).png */; };
		682572951DF112A7006150DB /* Everybody Active Conversation (Active).png in Resources */ = {isa = PBXBuildFile; fileRef = 6825728D1DF112A7006150DB /* Everybody Active Conversation (Active).png */; };
		682572961DF112A7006150DB /* Everybody Conversation (In-active).png in Resources */ = {isa = PBXBuildFile; fileRef = 6825728E1DF112A7006150DB /* Everybody Conversation (In-active).png */; };
		682572971DF112A7006150DB /* Undecided Conversation (Active).png in Resources */ = {isa = PBXBuildFile; fileRef = 6825728F1DF112A7006150DB /* Undecided Conversation (Active).png */; };
		682572981DF112A7006150DB /* Undecided Conversation (In-active).png in Resources */ = {isa = PBXBuildFile; fileRef = 682572901DF112A7006150DB /* Undecided Conversation (In-active).png */; };
		6825729A1DF79880006150DB /* UserProfileViewController.swift in Sources */ = {isa = PBXBuildFile; fileRef = 682572991DF79880006150DB /* UserProfileViewController.swift */; };
		6825729C1DF7ADF8006150DB /* profile social.PNG in Resources */ = {isa = PBXBuildFile; fileRef = 6825729B1DF7ADF8006150DB /* profile social.PNG */; };
		6828C20C1DE3C51E005AEC0F /* linkIcon.png in Resources */ = {isa = PBXBuildFile; fileRef = 6828C20B1DE3C51E005AEC0F /* linkIcon.png */; };
		682DB39B1DCFB228009015AC /* EditGroupViewController.swift in Sources */ = {isa = PBXBuildFile; fileRef = 682DB39A1DCFB228009015AC /* EditGroupViewController.swift */; };
		682DB39D1DCFD715009015AC /* GroupMemberTableViewCell.swift in Sources */ = {isa = PBXBuildFile; fileRef = 682DB39C1DCFD715009015AC /* GroupMemberTableViewCell.swift */; };
		682DB3A11DCFF394009015AC /* edit icon.jpg in Resources */ = {isa = PBXBuildFile; fileRef = 682DB3A01DCFF394009015AC /* edit icon.jpg */; };
		682DB3A31DD16A4A009015AC /* PollTableViewCell.swift in Sources */ = {isa = PBXBuildFile; fileRef = 682DB3A21DD16A4A009015AC /* PollTableViewCell.swift */; };
		682DB3A51DD66E95009015AC /* ChatViewController.swift in Sources */ = {isa = PBXBuildFile; fileRef = 682DB3A41DD66E95009015AC /* ChatViewController.swift */; };
		682DB3A71DD66F74009015AC /* FriendMessageTableViewCell.swift in Sources */ = {isa = PBXBuildFile; fileRef = 682DB3A61DD66F74009015AC /* FriendMessageTableViewCell.swift */; };
		682DB3A91DD66FF3009015AC /* CurrentUserMessageTableViewCell.swift in Sources */ = {isa = PBXBuildFile; fileRef = 682DB3A81DD66FF3009015AC /* CurrentUserMessageTableViewCell.swift */; };
		683166811DD6B752003EDC21 /* gradient.png in Resources */ = {isa = PBXBuildFile; fileRef = 683166801DD6B752003EDC21 /* gradient.png */; };
		685E9B9C1DE9FEC700D95C15 /* show icon.png in Resources */ = {isa = PBXBuildFile; fileRef = 685E9B9B1DE9FEC700D95C15 /* show icon.png */; };
		685E9B9E1DE9FED300D95C15 /* hide icon.png in Resources */ = {isa = PBXBuildFile; fileRef = 685E9B9D1DE9FED300D95C15 /* hide icon.png */; };
		685ED1741DD6747400C85F37 /* Main.storyboard in Resources */ = {isa = PBXBuildFile; fileRef = 685ED1731DD6747400C85F37 /* Main.storyboard */; };
		685EFABC1E37EAF2007FB8FE /* elipses Icon.png in Resources */ = {isa = PBXBuildFile; fileRef = 685EFABB1E37EAF2007FB8FE /* elipses Icon.png */; };
		6869CEE41DF8EE1200F8207C /* ProfilePollTableViewCell.swift in Sources */ = {isa = PBXBuildFile; fileRef = 6869CEE31DF8EE1200F8207C /* ProfilePollTableViewCell.swift */; };
		6880A9B41DC41506000BB884 /* SuggestedAnswerOptionTableViewCell.swift in Sources */ = {isa = PBXBuildFile; fileRef = 6880A9B31DC41506000BB884 /* SuggestedAnswerOptionTableViewCell.swift */; };
		6880A9B61DC41998000BB884 /* CreatePollViewController.swift in Sources */ = {isa = PBXBuildFile; fileRef = 6880A9B51DC41998000BB884 /* CreatePollViewController.swift */; };
		6880A9B81DC4589B000BB884 /* HexToCGFloat.swift in Sources */ = {isa = PBXBuildFile; fileRef = 6880A9B71DC4589B000BB884 /* HexToCGFloat.swift */; };
		68B118D61E15B7B6006F05B7 /* EditGroupMemberTableViewCell.swift in Sources */ = {isa = PBXBuildFile; fileRef = 68B118D51E15B7B6006F05B7 /* EditGroupMemberTableViewCell.swift */; };
		68B999BF1DFF25FE00959721 /* PieChart.swift in Sources */ = {isa = PBXBuildFile; fileRef = 68B999BE1DFF25FE00959721 /* PieChart.swift */; };
		68B999C11DFF434900959721 /* piechartcenter.png in Resources */ = {isa = PBXBuildFile; fileRef = 68B999C01DFF434900959721 /* piechartcenter.png */; };
		68B999C31DFF589700959721 /* shareIcon.png in Resources */ = {isa = PBXBuildFile; fileRef = 68B999C21DFF589700959721 /* shareIcon.png */; };
		68BDD7C11DFA0A2500C64B7C /* WebViewController.swift in Sources */ = {isa = PBXBuildFile; fileRef = 68BDD7C01DFA0A2500C64B7C /* WebViewController.swift */; };
		68C3C82C1DC922B3000B9730 /* Recipient.swift in Sources */ = {isa = PBXBuildFile; fileRef = 68C3C82B1DC922B3000B9730 /* Recipient.swift */; };
		68CCC47F1DC524230094F3AE /* FriendTableViewCell.swift in Sources */ = {isa = PBXBuildFile; fileRef = 68CCC47E1DC524230094F3AE /* FriendTableViewCell.swift */; };
		68CCC4811DC5250F0094F3AE /* notselectedicon.png in Resources */ = {isa = PBXBuildFile; fileRef = 68CCC4801DC5250F0094F3AE /* notselectedicon.png */; };
		68CCC4831DC525120094F3AE /* selectedicon.png in Resources */ = {isa = PBXBuildFile; fileRef = 68CCC4821DC525120094F3AE /* selectedicon.png */; };
		68CCC4851DC526CC0094F3AE /* SelectRecipientsViewController.swift in Sources */ = {isa = PBXBuildFile; fileRef = 68CCC4841DC526CC0094F3AE /* SelectRecipientsViewController.swift */; };
		68CCC4891DC6A7B40094F3AE /* Contact.swift in Sources */ = {isa = PBXBuildFile; fileRef = 68CCC4881DC6A7B40094F3AE /* Contact.swift */; };
		68CCC48B1DC6BFDB0094F3AE /* contactIcon.png in Resources */ = {isa = PBXBuildFile; fileRef = 68CCC48A1DC6BFDB0094F3AE /* contactIcon.png */; };
		68CCC48D1DC6C8F10094F3AE /* UserTableViewCell.swift in Sources */ = {isa = PBXBuildFile; fileRef = 68CCC48C1DC6C8F10094F3AE /* UserTableViewCell.swift */; };
		68CCC48F1DC7D5AD0094F3AE /* GroupTableViewCell.swift in Sources */ = {isa = PBXBuildFile; fileRef = 68CCC48E1DC7D5AD0094F3AE /* GroupTableViewCell.swift */; };
		68CCC4971DC7E6120094F3AE /* EnterEmail&PasswordViewController.swift in Sources */ = {isa = PBXBuildFile; fileRef = 68CCC4961DC7E6120094F3AE /* EnterEmail&PasswordViewController.swift */; };
		68CCC4991DC7E63B0094F3AE /* ChooseProfilePictureViewController.swift in Sources */ = {isa = PBXBuildFile; fileRef = 68CCC4981DC7E63B0094F3AE /* ChooseProfilePictureViewController.swift */; };
		68CCC49B1DC8067B0094F3AE /* GoogleService-Info.plist in Resources */ = {isa = PBXBuildFile; fileRef = 68CCC49A1DC8067B0094F3AE /* GoogleService-Info.plist */; };
		68CCC49D1DC8227B0094F3AE /* LoginViewController.swift in Sources */ = {isa = PBXBuildFile; fileRef = 68CCC49C1DC8227B0094F3AE /* LoginViewController.swift */; };
		68D3841D1DBBE701000B4084 /* Sign Up Button Background.png in Resources */ = {isa = PBXBuildFile; fileRef = 68D3841C1DBBE701000B4084 /* Sign Up Button Background.png */; };
		68D3841F1DBBE706000B4084 /* Login Button Background.png in Resources */ = {isa = PBXBuildFile; fileRef = 68D3841E1DBBE706000B4084 /* Login Button Background.png */; };
		68D384211DBBE925000B4084 /* Blue Button Background.png in Resources */ = {isa = PBXBuildFile; fileRef = 68D384201DBBE925000B4084 /* Blue Button Background.png */; };
		68D384231DBBEACA000B4084 /* Text Field Underline.png in Resources */ = {isa = PBXBuildFile; fileRef = 68D384221DBBEACA000B4084 /* Text Field Underline.png */; };
		68D384251DBBF1E7000B4084 /* LoginOrSignUpViewController.swift in Sources */ = {isa = PBXBuildFile; fileRef = 68D384241DBBF1E7000B4084 /* LoginOrSignUpViewController.swift */; };
		68D384271DBBF28D000B4084 /* EnterNameViewController.swift in Sources */ = {isa = PBXBuildFile; fileRef = 68D384261DBBF28D000B4084 /* EnterNameViewController.swift */; };
		68D384291DBBF31C000B4084 /* SelectBirthdayViewController.swift in Sources */ = {isa = PBXBuildFile; fileRef = 68D384281DBBF31C000B4084 /* SelectBirthdayViewController.swift */; };
		68D384311DBFBBB4000B4084 /* AWSCore.framework in Frameworks */ = {isa = PBXBuildFile; fileRef = 68D3842E1DBFBBB4000B4084 /* AWSCore.framework */; };
		68D384321DBFBBB4000B4084 /* AWSDynamoDB.framework in Frameworks */ = {isa = PBXBuildFile; fileRef = 68D3842F1DBFBBB4000B4084 /* AWSDynamoDB.framework */; };
		68D384331DBFBBB4000B4084 /* CheckXcodeVersion.sh in Resources */ = {isa = PBXBuildFile; fileRef = 68D384301DBFBBB4000B4084 /* CheckXcodeVersion.sh */; };
		68D384341DBFBC05000B4084 /* AWSCore.framework in Frameworks */ = {isa = PBXBuildFile; fileRef = 68D3842E1DBFBBB4000B4084 /* AWSCore.framework */; };
		68D384351DBFBC05000B4084 /* AWSCore.framework in Embed Frameworks */ = {isa = PBXBuildFile; fileRef = 68D3842E1DBFBBB4000B4084 /* AWSCore.framework */; settings = {ATTRIBUTES = (CodeSignOnCopy, RemoveHeadersOnCopy, ); }; };
		68D384361DBFBC05000B4084 /* AWSDynamoDB.framework in Frameworks */ = {isa = PBXBuildFile; fileRef = 68D3842F1DBFBBB4000B4084 /* AWSDynamoDB.framework */; };
		68D384371DBFBC05000B4084 /* AWSDynamoDB.framework in Embed Frameworks */ = {isa = PBXBuildFile; fileRef = 68D3842F1DBFBBB4000B4084 /* AWSDynamoDB.framework */; settings = {ATTRIBUTES = (CodeSignOnCopy, RemoveHeadersOnCopy, ); }; };
		68D384461DBFBD2C000B4084 /* libz.tbd in Frameworks */ = {isa = PBXBuildFile; fileRef = 68D384451DBFBD2C000B4084 /* libz.tbd */; };
		68D384481DBFBD36000B4084 /* libsqlite3.tbd in Frameworks */ = {isa = PBXBuildFile; fileRef = 68D384471DBFBD36000B4084 /* libsqlite3.tbd */; };
		68DA700D1E0092C700B396C5 /* Logo.png in Resources */ = {isa = PBXBuildFile; fileRef = 68DA700C1E0092C700B396C5 /* Logo.png */; };
		68DBF3961DB6EF5000C87385 /* HomeViewController.swift in Sources */ = {isa = PBXBuildFile; fileRef = 68DBF3951DB6EF5000C87385 /* HomeViewController.swift */; };
		68DBF3981DB6EF9A00C87385 /* User.swift in Sources */ = {isa = PBXBuildFile; fileRef = 68DBF3971DB6EF9A00C87385 /* User.swift */; };
		68DBF39B1DB6EFB000C87385 /* Polls.swift in Sources */ = {isa = PBXBuildFile; fileRef = 68DBF39A1DB6EFB000C87385 /* Polls.swift */; };
		68DBF3A01DB6F5DC00C87385 /* ask.png in Resources */ = {isa = PBXBuildFile; fileRef = 68DBF39D1DB6F5DC00C87385 /* ask.png */; };
		68DBF3A11DB6F5DC00C87385 /* inboxActive.png in Resources */ = {isa = PBXBuildFile; fileRef = 68DBF39E1DB6F5DC00C87385 /* inboxActive.png */; };
		68DBF3A21DB6F5DC00C87385 /* inboxEmpty.png in Resources */ = {isa = PBXBuildFile; fileRef = 68DBF39F1DB6F5DC00C87385 /* inboxEmpty.png */; };
		68DBF3A61DB6F6E900C87385 /* small inbox.png in Resources */ = {isa = PBXBuildFile; fileRef = 68DBF3A51DB6F6E900C87385 /* small inbox.png */; };
		68DBF3A81DB6F6FF00C87385 /* small ask.png in Resources */ = {isa = PBXBuildFile; fileRef = 68DBF3A71DB6F6FF00C87385 /* small ask.png */; };
		68DBF3AA1DB6F71600C87385 /* small inbox empty.png in Resources */ = {isa = PBXBuildFile; fileRef = 68DBF3A91DB6F71600C87385 /* small inbox empty.png */; };
		68E2F7E41E158976002E13D9 /* GroupViewController.swift in Sources */ = {isa = PBXBuildFile; fileRef = 68E2F7E31E158976002E13D9 /* GroupViewController.swift */; };
/* End PBXBuildFile section */

/* Begin PBXCopyFilesBuildPhase section */
		68D384381DBFBC05000B4084 /* Embed Frameworks */ = {
			isa = PBXCopyFilesBuildPhase;
			buildActionMask = 2147483647;
			dstPath = "";
			dstSubfolderSpec = 10;
			files = (
				68D384371DBFBC05000B4084 /* AWSDynamoDB.framework in Embed Frameworks */,
				68D384351DBFBC05000B4084 /* AWSCore.framework in Embed Frameworks */,
			);
			name = "Embed Frameworks";
			runOnlyForDeploymentPostprocessing = 0;
		};
/* End PBXCopyFilesBuildPhase section */

/* Begin PBXFileReference section */
		4DE9B6A28C941F22C37D448C /* Pods-Qv1.debug.xcconfig */ = {isa = PBXFileReference; includeInIndex = 1; lastKnownFileType = text.xcconfig; name = "Pods-Qv1.debug.xcconfig"; path = "Pods/Target Support Files/Pods-Qv1/Pods-Qv1.debug.xcconfig"; sourceTree = "<group>"; };
		68012E6F1DB5A42600676EAF /* iPhone 7 Plus.png */ = {isa = PBXFileReference; lastKnownFileType = image.png; path = "iPhone 7 Plus.png"; sourceTree = "<group>"; };
		68012E711DB5BEE000676EAF /* EnterPinViewController.swift */ = {isa = PBXFileReference; fileEncoding = 4; lastKnownFileType = sourcecode.swift; path = EnterPinViewController.swift; sourceTree = "<group>"; };
		680DF2DA1DB5933200452A4E /* Qv1.app */ = {isa = PBXFileReference; explicitFileType = wrapper.application; includeInIndex = 0; path = Qv1.app; sourceTree = BUILT_PRODUCTS_DIR; };
		680DF2DD1DB5933200452A4E /* AppDelegate.swift */ = {isa = PBXFileReference; lastKnownFileType = sourcecode.swift; path = AppDelegate.swift; sourceTree = "<group>"; };
		680DF2DF1DB5933200452A4E /* VerifyPhoneViewController.swift */ = {isa = PBXFileReference; lastKnownFileType = sourcecode.swift; path = VerifyPhoneViewController.swift; sourceTree = "<group>"; };
		680DF2E51DB5933200452A4E /* Qv1.xcdatamodel */ = {isa = PBXFileReference; lastKnownFileType = wrapper.xcdatamodel; path = Qv1.xcdatamodel; sourceTree = "<group>"; };
		680DF2E71DB5933200452A4E /* Assets.xcassets */ = {isa = PBXFileReference; lastKnownFileType = folder.assetcatalog; path = Assets.xcassets; sourceTree = "<group>"; };
		680DF2EA1DB5933200452A4E /* Base */ = {isa = PBXFileReference; lastKnownFileType = file.storyboard; name = Base; path = Base.lproj/LaunchScreen.storyboard; sourceTree = "<group>"; };
		680DF2EC1DB5933200452A4E /* Info.plist */ = {isa = PBXFileReference; lastKnownFileType = text.plist.xml; path = Info.plist; sourceTree = "<group>"; };
		680DF2F31DB595F800452A4E /* ProximaNova-Light.otf */ = {isa = PBXFileReference; lastKnownFileType = file; path = "ProximaNova-Light.otf"; sourceTree = "<group>"; };
		680DF2F41DB595F800452A4E /* ProximaNova-Reg.otf */ = {isa = PBXFileReference; lastKnownFileType = file; path = "ProximaNova-Reg.otf"; sourceTree = "<group>"; };
		680DF2F51DB595F800452A4E /* ProximaNova-Sbold.otf */ = {isa = PBXFileReference; lastKnownFileType = file; path = "ProximaNova-Sbold.otf"; sourceTree = "<group>"; };
		680DF2F61DB595F800452A4E /* ProximaNovaSoft-Bold.otf */ = {isa = PBXFileReference; lastKnownFileType = file; path = "ProximaNovaSoft-Bold.otf"; sourceTree = "<group>"; };
		680DF2F71DB595F800452A4E /* ProximaNovaSoft-Medium.otf */ = {isa = PBXFileReference; lastKnownFileType = file; path = "ProximaNovaSoft-Medium.otf"; sourceTree = "<group>"; };
		680DF2F81DB595F800452A4E /* ProximaNovaSoft.otf */ = {isa = PBXFileReference; lastKnownFileType = file; path = ProximaNovaSoft.otf; sourceTree = "<group>"; };
		680DF2F91DB595F800452A4E /* SourceSansPro-LightIt.otf */ = {isa = PBXFileReference; lastKnownFileType = file; path = "SourceSansPro-LightIt.otf"; sourceTree = "<group>"; };
		680DF3011DB59A3A00452A4E /* quarry.png */ = {isa = PBXFileReference; lastKnownFileType = image.png; path = quarry.png; sourceTree = "<group>"; };
		6819B60F1DD904860099A98B /* green answer.png */ = {isa = PBXFileReference; lastKnownFileType = image.png; name = "green answer.png"; path = "../../green answer.png"; sourceTree = "<group>"; };
		6819B6111DD9048A0099A98B /* red answer.png */ = {isa = PBXFileReference; lastKnownFileType = image.png; name = "red answer.png"; path = "../../red answer.png"; sourceTree = "<group>"; };
		6819B6131DD90B010099A98B /* grey answer.png */ = {isa = PBXFileReference; lastKnownFileType = image.png; name = "grey answer.png"; path = "../../grey answer.png"; sourceTree = "<group>"; };
		6819B6271DD958C50099A98B /* ask icon.png */ = {isa = PBXFileReference; lastKnownFileType = image.png; name = "ask icon.png"; path = "../../ask icon.png"; sourceTree = "<group>"; };
		6819B62D1DDA8D8E0099A98B /* mymessagetail.png */ = {isa = PBXFileReference; lastKnownFileType = image.png; name = mymessagetail.png; path = ../../mymessagetail.png; sourceTree = "<group>"; };
		6819B62F1DDA8E1E0099A98B /* friendmessagetail.png */ = {isa = PBXFileReference; lastKnownFileType = image.png; name = friendmessagetail.png; path = ../../friendmessagetail.png; sourceTree = "<group>"; };
		6819B6311DDAB0540099A98B /* conversationicon.png */ = {isa = PBXFileReference; lastKnownFileType = image.png; name = conversationicon.png; path = ../../conversationicon.png; sourceTree = "<group>"; };
		6819B6331DDAB2760099A98B /* usericon.png */ = {isa = PBXFileReference; lastKnownFileType = image.png; name = usericon.png; path = ../../usericon.png; sourceTree = "<group>"; };
		6819B6351DDB95B00099A98B /* De-selectedResultsIcon.png */ = {isa = PBXFileReference; lastKnownFileType = image.png; name = "De-selectedResultsIcon.png"; path = "../../De-selectedResultsIcon.png"; sourceTree = "<group>"; };
		6819B6371DDB95B50099A98B /* selectedResultsICon.png */ = {isa = PBXFileReference; lastKnownFileType = image.png; name = selectedResultsICon.png; path = ../../selectedResultsICon.png; sourceTree = "<group>"; };
		6819B6391DDBA0EB0099A98B /* Login Button Background.png */ = {isa = PBXFileReference; lastKnownFileType = image.png; name = "Login Button Background.png"; path = "../../Login Button Background.png"; sourceTree = "<group>"; };
		6819B63B1DDBB3380099A98B /* MostVotesAnswerBackground.png */ = {isa = PBXFileReference; lastKnownFileType = image.png; name = MostVotesAnswerBackground.png; path = ../../MostVotesAnswerBackground.png; sourceTree = "<group>"; };
		6819B63D1DDBB3AB0099A98B /* LeastVotesAnswerBackground.png */ = {isa = PBXFileReference; lastKnownFileType = image.png; name = LeastVotesAnswerBackground.png; path = ../../LeastVotesAnswerBackground.png; sourceTree = "<group>"; };
		6819B63F1DDD1A270099A98B /* reloadAnswersIcon.png */ = {isa = PBXFileReference; lastKnownFileType = image.png; name = reloadAnswersIcon.png; path = ../../reloadAnswersIcon.png; sourceTree = "<group>"; };
		6819B6451DDE7D440099A98B /* ChatMemberCollectionViewCell.swift */ = {isa = PBXFileReference; fileEncoding = 4; lastKnownFileType = sourcecode.swift; path = ChatMemberCollectionViewCell.swift; sourceTree = "<group>"; };
		68219A6E1E00AABE004E822F /* cameraIcon.png */ = {isa = PBXFileReference; lastKnownFileType = image.png; name = cameraIcon.png; path = ../../cameraIcon.png; sourceTree = "<group>"; };
		68219A701E00B0B9004E822F /* galleryIcon.png */ = {isa = PBXFileReference; lastKnownFileType = image.png; name = galleryIcon.png; path = ../../galleryIcon.png; sourceTree = "<group>"; };
		68219A721E033032004E822F /* redBackground.png */ = {isa = PBXFileReference; lastKnownFileType = image.png; name = redBackground.png; path = ../../redBackground.png; sourceTree = "<group>"; };
		68219A731E033032004E822F /* greenBackground.png */ = {isa = PBXFileReference; lastKnownFileType = image.png; name = greenBackground.png; path = ../../greenBackground.png; sourceTree = "<group>"; };
		68219A761E0AFEEA004E822F /* FriendsViewController.swift */ = {isa = PBXFileReference; fileEncoding = 4; lastKnownFileType = sourcecode.swift; path = FriendsViewController.swift; sourceTree = "<group>"; };
		68219A781E0B016E004E822F /* EditFriendTableViewCell.swift */ = {isa = PBXFileReference; fileEncoding = 4; lastKnownFileType = sourcecode.swift; path = EditFriendTableViewCell.swift; sourceTree = "<group>"; };
		68219A7B1E0B04FA004E822F /* EditGroupTableViewCell.swift */ = {isa = PBXFileReference; fileEncoding = 4; lastKnownFileType = sourcecode.swift; path = EditGroupTableViewCell.swift; sourceTree = "<group>"; };
		68219A7D1E0B3096004E822F /* addGroup.png */ = {isa = PBXFileReference; lastKnownFileType = image.png; name = addGroup.png; path = ../../addGroup.png; sourceTree = "<group>"; };
		682572861DF0DADF006150DB /* PollGroupMemberCollectionViewCell.swift */ = {isa = PBXFileReference; fileEncoding = 4; lastKnownFileType = sourcecode.swift; path = PollGroupMemberCollectionViewCell.swift; sourceTree = "<group>"; };
		682572891DF112A7006150DB /* Answer 1 Conversation (In-active).png */ = {isa = PBXFileReference; lastKnownFileType = image.png; path = "Answer 1 Conversation (In-active).png"; sourceTree = "<group>"; };
		6825728A1DF112A7006150DB /* Answer 1 Conversation Icon (Active).png */ = {isa = PBXFileReference; lastKnownFileType = image.png; path = "Answer 1 Conversation Icon (Active).png"; sourceTree = "<group>"; };
		6825728B1DF112A7006150DB /* Answer 2 Conversation (Active).png */ = {isa = PBXFileReference; lastKnownFileType = image.png; path = "Answer 2 Conversation (Active).png"; sourceTree = "<group>"; };
		6825728C1DF112A7006150DB /* Answer 2 Conversation (In-active).png */ = {isa = PBXFileReference; lastKnownFileType = image.png; path = "Answer 2 Conversation (In-active).png"; sourceTree = "<group>"; };
		6825728D1DF112A7006150DB /* Everybody Active Conversation (Active).png */ = {isa = PBXFileReference; lastKnownFileType = image.png; path = "Everybody Active Conversation (Active).png"; sourceTree = "<group>"; };
		6825728E1DF112A7006150DB /* Everybody Conversation (In-active).png */ = {isa = PBXFileReference; lastKnownFileType = image.png; path = "Everybody Conversation (In-active).png"; sourceTree = "<group>"; };
		6825728F1DF112A7006150DB /* Undecided Conversation (Active).png */ = {isa = PBXFileReference; lastKnownFileType = image.png; path = "Undecided Conversation (Active).png"; sourceTree = "<group>"; };
		682572901DF112A7006150DB /* Undecided Conversation (In-active).png */ = {isa = PBXFileReference; lastKnownFileType = image.png; path = "Undecided Conversation (In-active).png"; sourceTree = "<group>"; };
		682572991DF79880006150DB /* UserProfileViewController.swift */ = {isa = PBXFileReference; fileEncoding = 4; lastKnownFileType = sourcecode.swift; path = UserProfileViewController.swift; sourceTree = "<group>"; };
		6825729B1DF7ADF8006150DB /* profile social.PNG */ = {isa = PBXFileReference; lastKnownFileType = image.png; name = "profile social.PNG"; path = "../../Profile Pictures/profile social.PNG"; sourceTree = "<group>"; };
		6828C20B1DE3C51E005AEC0F /* linkIcon.png */ = {isa = PBXFileReference; lastKnownFileType = image.png; name = linkIcon.png; path = ../../linkIcon.png; sourceTree = "<group>"; };
		682DB39A1DCFB228009015AC /* EditGroupViewController.swift */ = {isa = PBXFileReference; fileEncoding = 4; lastKnownFileType = sourcecode.swift; path = EditGroupViewController.swift; sourceTree = "<group>"; };
		682DB39C1DCFD715009015AC /* GroupMemberTableViewCell.swift */ = {isa = PBXFileReference; fileEncoding = 4; lastKnownFileType = sourcecode.swift; path = GroupMemberTableViewCell.swift; sourceTree = "<group>"; };
		682DB3A01DCFF394009015AC /* edit icon.jpg */ = {isa = PBXFileReference; lastKnownFileType = image.jpeg; name = "edit icon.jpg"; path = "../../edit icon.jpg"; sourceTree = "<group>"; };
		682DB3A21DD16A4A009015AC /* PollTableViewCell.swift */ = {isa = PBXFileReference; fileEncoding = 4; lastKnownFileType = sourcecode.swift; path = PollTableViewCell.swift; sourceTree = "<group>"; };
		682DB3A41DD66E95009015AC /* ChatViewController.swift */ = {isa = PBXFileReference; fileEncoding = 4; lastKnownFileType = sourcecode.swift; path = ChatViewController.swift; sourceTree = "<group>"; };
		682DB3A61DD66F74009015AC /* FriendMessageTableViewCell.swift */ = {isa = PBXFileReference; fileEncoding = 4; lastKnownFileType = sourcecode.swift; path = FriendMessageTableViewCell.swift; sourceTree = "<group>"; };
		682DB3A81DD66FF3009015AC /* CurrentUserMessageTableViewCell.swift */ = {isa = PBXFileReference; fileEncoding = 4; lastKnownFileType = sourcecode.swift; path = CurrentUserMessageTableViewCell.swift; sourceTree = "<group>"; };
		683166801DD6B752003EDC21 /* gradient.png */ = {isa = PBXFileReference; lastKnownFileType = image.png; name = gradient.png; path = ../../gradient.png; sourceTree = "<group>"; };
		685E9B9B1DE9FEC700D95C15 /* show icon.png */ = {isa = PBXFileReference; lastKnownFileType = image.png; name = "show icon.png"; path = "../../../Downloads/show icon.png"; sourceTree = "<group>"; };
		685E9B9D1DE9FED300D95C15 /* hide icon.png */ = {isa = PBXFileReference; lastKnownFileType = image.png; name = "hide icon.png"; path = "../../../Downloads/hide icon.png"; sourceTree = "<group>"; };
		685ED1731DD6747400C85F37 /* Main.storyboard */ = {isa = PBXFileReference; fileEncoding = 4; lastKnownFileType = file.storyboard; path = Main.storyboard; sourceTree = SOURCE_ROOT; };
		685EFABB1E37EAF2007FB8FE /* elipses Icon.png */ = {isa = PBXFileReference; lastKnownFileType = image.png; name = "elipses Icon.png"; path = "../../elipses Icon.png"; sourceTree = "<group>"; };
		6869CEE31DF8EE1200F8207C /* ProfilePollTableViewCell.swift */ = {isa = PBXFileReference; fileEncoding = 4; lastKnownFileType = sourcecode.swift; path = ProfilePollTableViewCell.swift; sourceTree = "<group>"; };
		6880A9B31DC41506000BB884 /* SuggestedAnswerOptionTableViewCell.swift */ = {isa = PBXFileReference; fileEncoding = 4; lastKnownFileType = sourcecode.swift; path = SuggestedAnswerOptionTableViewCell.swift; sourceTree = "<group>"; };
		6880A9B51DC41998000BB884 /* CreatePollViewController.swift */ = {isa = PBXFileReference; fileEncoding = 4; lastKnownFileType = sourcecode.swift; path = CreatePollViewController.swift; sourceTree = "<group>"; };
		6880A9B71DC4589B000BB884 /* HexToCGFloat.swift */ = {isa = PBXFileReference; fileEncoding = 4; lastKnownFileType = sourcecode.swift; path = HexToCGFloat.swift; sourceTree = "<group>"; };
		68B118D51E15B7B6006F05B7 /* EditGroupMemberTableViewCell.swift */ = {isa = PBXFileReference; fileEncoding = 4; lastKnownFileType = sourcecode.swift; name = EditGroupMemberTableViewCell.swift; path = ../EditGroupMemberTableViewCell.swift; sourceTree = "<group>"; };
		68B999BE1DFF25FE00959721 /* PieChart.swift */ = {isa = PBXFileReference; fileEncoding = 4; lastKnownFileType = sourcecode.swift; path = PieChart.swift; sourceTree = "<group>"; };
		68B999C01DFF434900959721 /* piechartcenter.png */ = {isa = PBXFileReference; lastKnownFileType = image.png; name = piechartcenter.png; path = ../../piechartcenter.png; sourceTree = "<group>"; };
		68B999C21DFF589700959721 /* shareIcon.png */ = {isa = PBXFileReference; lastKnownFileType = image.png; name = shareIcon.png; path = ../../shareIcon.png; sourceTree = "<group>"; };
		68BDD7C01DFA0A2500C64B7C /* WebViewController.swift */ = {isa = PBXFileReference; fileEncoding = 4; lastKnownFileType = sourcecode.swift; path = WebViewController.swift; sourceTree = "<group>"; };
		68C3C82B1DC922B3000B9730 /* Recipient.swift */ = {isa = PBXFileReference; fileEncoding = 4; lastKnownFileType = sourcecode.swift; path = Recipient.swift; sourceTree = "<group>"; };
		68CCC47E1DC524230094F3AE /* FriendTableViewCell.swift */ = {isa = PBXFileReference; fileEncoding = 4; lastKnownFileType = sourcecode.swift; path = FriendTableViewCell.swift; sourceTree = "<group>"; };
		68CCC4801DC5250F0094F3AE /* notselectedicon.png */ = {isa = PBXFileReference; lastKnownFileType = image.png; name = notselectedicon.png; path = ../../notselectedicon.png; sourceTree = "<group>"; };
		68CCC4821DC525120094F3AE /* selectedicon.png */ = {isa = PBXFileReference; lastKnownFileType = image.png; name = selectedicon.png; path = ../../selectedicon.png; sourceTree = "<group>"; };
		68CCC4841DC526CC0094F3AE /* SelectRecipientsViewController.swift */ = {isa = PBXFileReference; fileEncoding = 4; lastKnownFileType = sourcecode.swift; path = SelectRecipientsViewController.swift; sourceTree = "<group>"; };
		68CCC4881DC6A7B40094F3AE /* Contact.swift */ = {isa = PBXFileReference; fileEncoding = 4; lastKnownFileType = sourcecode.swift; path = Contact.swift; sourceTree = "<group>"; };
		68CCC48A1DC6BFDB0094F3AE /* contactIcon.png */ = {isa = PBXFileReference; lastKnownFileType = image.png; name = contactIcon.png; path = ../../contactIcon.png; sourceTree = "<group>"; };
		68CCC48C1DC6C8F10094F3AE /* UserTableViewCell.swift */ = {isa = PBXFileReference; fileEncoding = 4; lastKnownFileType = sourcecode.swift; path = UserTableViewCell.swift; sourceTree = "<group>"; };
		68CCC48E1DC7D5AD0094F3AE /* GroupTableViewCell.swift */ = {isa = PBXFileReference; fileEncoding = 4; lastKnownFileType = sourcecode.swift; path = GroupTableViewCell.swift; sourceTree = "<group>"; };
		68CCC4961DC7E6120094F3AE /* EnterEmail&PasswordViewController.swift */ = {isa = PBXFileReference; fileEncoding = 4; lastKnownFileType = sourcecode.swift; path = "EnterEmail&PasswordViewController.swift"; sourceTree = "<group>"; };
		68CCC4981DC7E63B0094F3AE /* ChooseProfilePictureViewController.swift */ = {isa = PBXFileReference; fileEncoding = 4; lastKnownFileType = sourcecode.swift; path = ChooseProfilePictureViewController.swift; sourceTree = "<group>"; };
		68CCC49A1DC8067B0094F3AE /* GoogleService-Info.plist */ = {isa = PBXFileReference; fileEncoding = 4; lastKnownFileType = text.plist.xml; name = "GoogleService-Info.plist"; path = "../../../Downloads/GoogleService-Info.plist"; sourceTree = "<group>"; };
		68CCC49C1DC8227B0094F3AE /* LoginViewController.swift */ = {isa = PBXFileReference; fileEncoding = 4; lastKnownFileType = sourcecode.swift; path = LoginViewController.swift; sourceTree = "<group>"; };
		68D3841C1DBBE701000B4084 /* Sign Up Button Background.png */ = {isa = PBXFileReference; lastKnownFileType = image.png; path = "Sign Up Button Background.png"; sourceTree = "<group>"; };
		68D3841E1DBBE706000B4084 /* Login Button Background.png */ = {isa = PBXFileReference; lastKnownFileType = image.png; path = "Login Button Background.png"; sourceTree = "<group>"; };
		68D384201DBBE925000B4084 /* Blue Button Background.png */ = {isa = PBXFileReference; lastKnownFileType = image.png; path = "Blue Button Background.png"; sourceTree = "<group>"; };
		68D384221DBBEACA000B4084 /* Text Field Underline.png */ = {isa = PBXFileReference; lastKnownFileType = image.png; path = "Text Field Underline.png"; sourceTree = "<group>"; };
		68D384241DBBF1E7000B4084 /* LoginOrSignUpViewController.swift */ = {isa = PBXFileReference; fileEncoding = 4; lastKnownFileType = sourcecode.swift; path = LoginOrSignUpViewController.swift; sourceTree = "<group>"; };
		68D384261DBBF28D000B4084 /* EnterNameViewController.swift */ = {isa = PBXFileReference; fileEncoding = 4; lastKnownFileType = sourcecode.swift; path = EnterNameViewController.swift; sourceTree = "<group>"; };
		68D384281DBBF31C000B4084 /* SelectBirthdayViewController.swift */ = {isa = PBXFileReference; fileEncoding = 4; lastKnownFileType = sourcecode.swift; path = SelectBirthdayViewController.swift; sourceTree = "<group>"; };
		68D3842E1DBFBBB4000B4084 /* AWSCore.framework */ = {isa = PBXFileReference; lastKnownFileType = wrapper.framework; path = AWSCore.framework; sourceTree = "<group>"; };
		68D3842F1DBFBBB4000B4084 /* AWSDynamoDB.framework */ = {isa = PBXFileReference; lastKnownFileType = wrapper.framework; path = AWSDynamoDB.framework; sourceTree = "<group>"; };
		68D384301DBFBBB4000B4084 /* CheckXcodeVersion.sh */ = {isa = PBXFileReference; fileEncoding = 4; lastKnownFileType = text.script.sh; path = CheckXcodeVersion.sh; sourceTree = "<group>"; };
		68D384451DBFBD2C000B4084 /* libz.tbd */ = {isa = PBXFileReference; lastKnownFileType = "sourcecode.text-based-dylib-definition"; name = libz.tbd; path = usr/lib/libz.tbd; sourceTree = SDKROOT; };
		68D384471DBFBD36000B4084 /* libsqlite3.tbd */ = {isa = PBXFileReference; lastKnownFileType = "sourcecode.text-based-dylib-definition"; name = libsqlite3.tbd; path = usr/lib/libsqlite3.tbd; sourceTree = SDKROOT; };
		68D386331DBFD85A000B4084 /* Qv1.entitlements */ = {isa = PBXFileReference; lastKnownFileType = text.plist.entitlements; path = Qv1.entitlements; sourceTree = "<group>"; };
		68DA700C1E0092C700B396C5 /* Logo.png */ = {isa = PBXFileReference; lastKnownFileType = image.png; name = Logo.png; path = ../../Logo.png; sourceTree = "<group>"; };
		68DBF3951DB6EF5000C87385 /* HomeViewController.swift */ = {isa = PBXFileReference; fileEncoding = 4; lastKnownFileType = sourcecode.swift; path = HomeViewController.swift; sourceTree = "<group>"; };
		68DBF3971DB6EF9A00C87385 /* User.swift */ = {isa = PBXFileReference; fileEncoding = 4; lastKnownFileType = sourcecode.swift; path = User.swift; sourceTree = "<group>"; };
		68DBF39A1DB6EFB000C87385 /* Polls.swift */ = {isa = PBXFileReference; fileEncoding = 4; lastKnownFileType = sourcecode.swift; path = Polls.swift; sourceTree = "<group>"; };
		68DBF39D1DB6F5DC00C87385 /* ask.png */ = {isa = PBXFileReference; lastKnownFileType = image.png; path = ask.png; sourceTree = "<group>"; };
		68DBF39E1DB6F5DC00C87385 /* inboxActive.png */ = {isa = PBXFileReference; lastKnownFileType = image.png; path = inboxActive.png; sourceTree = "<group>"; };
		68DBF39F1DB6F5DC00C87385 /* inboxEmpty.png */ = {isa = PBXFileReference; lastKnownFileType = image.png; path = inboxEmpty.png; sourceTree = "<group>"; };
		68DBF3A51DB6F6E900C87385 /* small inbox.png */ = {isa = PBXFileReference; lastKnownFileType = image.png; path = "small inbox.png"; sourceTree = "<group>"; };
		68DBF3A71DB6F6FF00C87385 /* small ask.png */ = {isa = PBXFileReference; lastKnownFileType = image.png; path = "small ask.png"; sourceTree = "<group>"; };
		68DBF3A91DB6F71600C87385 /* small inbox empty.png */ = {isa = PBXFileReference; lastKnownFileType = image.png; path = "small inbox empty.png"; sourceTree = "<group>"; };
		68E2F7E31E158976002E13D9 /* GroupViewController.swift */ = {isa = PBXFileReference; fileEncoding = 4; lastKnownFileType = sourcecode.swift; path = GroupViewController.swift; sourceTree = "<group>"; };
		A4124686FDA3D5ED3994D781 /* Pods-Qv1.release.xcconfig */ = {isa = PBXFileReference; includeInIndex = 1; lastKnownFileType = text.xcconfig; name = "Pods-Qv1.release.xcconfig"; path = "Pods/Target Support Files/Pods-Qv1/Pods-Qv1.release.xcconfig"; sourceTree = "<group>"; };
		B8046ED601EC746EAD46B385 /* Pods_Qv1.framework */ = {isa = PBXFileReference; explicitFileType = wrapper.framework; includeInIndex = 0; path = Pods_Qv1.framework; sourceTree = BUILT_PRODUCTS_DIR; };
/* End PBXFileReference section */

/* Begin PBXFrameworksBuildPhase section */
		680DF2D71DB5933200452A4E /* Frameworks */ = {
			isa = PBXFrameworksBuildPhase;
			buildActionMask = 2147483647;
			files = (
				68D384481DBFBD36000B4084 /* libsqlite3.tbd in Frameworks */,
				68D384461DBFBD2C000B4084 /* libz.tbd in Frameworks */,
				27B79C6780BCE387A65A38D0 /* Pods_Qv1.framework in Frameworks */,
				68D384341DBFBC05000B4084 /* AWSCore.framework in Frameworks */,
				68D384321DBFBBB4000B4084 /* AWSDynamoDB.framework in Frameworks */,
				68D384311DBFBBB4000B4084 /* AWSCore.framework in Frameworks */,
				68D384361DBFBC05000B4084 /* AWSDynamoDB.framework in Frameworks */,
			);
			runOnlyForDeploymentPostprocessing = 0;
		};
/* End PBXFrameworksBuildPhase section */

/* Begin PBXGroup section */
		4BF5457A2FB48E866AC3863B /* Pods */ = {
			isa = PBXGroup;
			children = (
				4DE9B6A28C941F22C37D448C /* Pods-Qv1.debug.xcconfig */,
				A4124686FDA3D5ED3994D781 /* Pods-Qv1.release.xcconfig */,
			);
			name = Pods;
			sourceTree = "<group>";
		};
		680DF2D11DB5933200452A4E = {
			isa = PBXGroup;
			children = (
				680DF2DC1DB5933200452A4E /* Qv1 */,
				680DF2DB1DB5933200452A4E /* Products */,
				4BF5457A2FB48E866AC3863B /* Pods */,
				68D3842C1DBFBBB4000B4084 /* Sdk */,
				A46A0ACBC6389C255DF8EC08 /* Frameworks */,
			);
			sourceTree = "<group>";
		};
		680DF2DB1DB5933200452A4E /* Products */ = {
			isa = PBXGroup;
			children = (
				680DF2DA1DB5933200452A4E /* Qv1.app */,
			);
			name = Products;
			sourceTree = "<group>";
		};
		680DF2DC1DB5933200452A4E /* Qv1 */ = {
			isa = PBXGroup;
			children = (
				680DF2DD1DB5933200452A4E /* AppDelegate.swift */,
				6880A9B71DC4589B000BB884 /* HexToCGFloat.swift */,
				68D386331DBFD85A000B4084 /* Qv1.entitlements */,
				685ED1731DD6747400C85F37 /* Main.storyboard */,
				68DBF39C1DB6EFD100C87385 /* ViewControllers */,
				680DF2E71DB5933200452A4E /* Assets.xcassets */,
				680DF2E91DB5933200452A4E /* LaunchScreen.storyboard */,
				680DF2EC1DB5933200452A4E /* Info.plist */,
				68CCC49A1DC8067B0094F3AE /* GoogleService-Info.plist */,
				68DBF3991DB6EFA100C87385 /* Models */,
				680DF2F21DB5941A00452A4E /* Resources */,
				680DF2E41DB5933200452A4E /* Qv1.xcdatamodeld */,
			);
			path = Qv1;
			sourceTree = "<group>";
		};
		680DF2F21DB5941A00452A4E /* Resources */ = {
			isa = PBXGroup;
			children = (
				68219A721E033032004E822F /* redBackground.png */,
				68219A731E033032004E822F /* greenBackground.png */,
				68DA700C1E0092C700B396C5 /* Logo.png */,
				68B999C01DFF434900959721 /* piechartcenter.png */,
				6825729B1DF7ADF8006150DB /* profile social.PNG */,
				682572881DF112A7006150DB /* Conversation Icons */,
				6819B63B1DDBB3380099A98B /* MostVotesAnswerBackground.png */,
				6819B63D1DDBB3AB0099A98B /* LeastVotesAnswerBackground.png */,
				6819B6391DDBA0EB0099A98B /* Login Button Background.png */,
				6819B6411DDD1A3E0099A98B /* Icons */,
				6819B6311DDAB0540099A98B /* conversationicon.png */,
				683166801DD6B752003EDC21 /* gradient.png */,
				68CCC48A1DC6BFDB0094F3AE /* contactIcon.png */,
				68DBF3A41DB6F5EB00C87385 /* Navigation Icons */,
				68012E6F1DB5A42600676EAF /* iPhone 7 Plus.png */,
				6819B60F1DD904860099A98B /* green answer.png */,
				6819B6131DD90B010099A98B /* grey answer.png */,
				6819B6111DD9048A0099A98B /* red answer.png */,
				68D3841C1DBBE701000B4084 /* Sign Up Button Background.png */,
				68D384201DBBE925000B4084 /* Blue Button Background.png */,
				680DF3011DB59A3A00452A4E /* quarry.png */,
				68D3841E1DBBE706000B4084 /* Login Button Background.png */,
				6819B6421DDD1A4A0099A98B /* Fonts */,
			);
			name = Resources;
			sourceTree = "<group>";
		};
		6819B6151DD94F880099A98B /* ChatVCs */ = {
			isa = PBXGroup;
			children = (
				682DB3A41DD66E95009015AC /* ChatViewController.swift */,
				6819B6451DDE7D440099A98B /* ChatMemberCollectionViewCell.swift */,
				682DB3A81DD66FF3009015AC /* CurrentUserMessageTableViewCell.swift */,
				682DB3A61DD66F74009015AC /* FriendMessageTableViewCell.swift */,
			);
			name = ChatVCs;
			sourceTree = "<group>";
		};
		6819B6411DDD1A3E0099A98B /* Icons */ = {
			isa = PBXGroup;
			children = (
				685EFABB1E37EAF2007FB8FE /* elipses Icon.png */,
				68219A7D1E0B3096004E822F /* addGroup.png */,
				68219A701E00B0B9004E822F /* galleryIcon.png */,
				68219A6E1E00AABE004E822F /* cameraIcon.png */,
				68B999C21DFF589700959721 /* shareIcon.png */,
				685E9B9B1DE9FEC700D95C15 /* show icon.png */,
				685E9B9D1DE9FED300D95C15 /* hide icon.png */,
				6828C20B1DE3C51E005AEC0F /* linkIcon.png */,
				6819B6351DDB95B00099A98B /* De-selectedResultsIcon.png */,
				6819B63F1DDD1A270099A98B /* reloadAnswersIcon.png */,
				6819B6371DDB95B50099A98B /* selectedResultsICon.png */,
				6819B6271DD958C50099A98B /* ask icon.png */,
				682DB3A01DCFF394009015AC /* edit icon.jpg */,
				6819B6331DDAB2760099A98B /* usericon.png */,
			);
			name = Icons;
			sourceTree = "<group>";
		};
		6819B6421DDD1A4A0099A98B /* Fonts */ = {
			isa = PBXGroup;
			children = (
				680DF2F31DB595F800452A4E /* ProximaNova-Light.otf */,
				680DF2F41DB595F800452A4E /* ProximaNova-Reg.otf */,
				680DF2F51DB595F800452A4E /* ProximaNova-Sbold.otf */,
				680DF2F61DB595F800452A4E /* ProximaNovaSoft-Bold.otf */,
				680DF2F71DB595F800452A4E /* ProximaNovaSoft-Medium.otf */,
				680DF2F81DB595F800452A4E /* ProximaNovaSoft.otf */,
				680DF2F91DB595F800452A4E /* SourceSansPro-LightIt.otf */,
			);
			name = Fonts;
			sourceTree = "<group>";
		};
		68219A7A1E0B017E004E822F /* Friend VC */ = {
			isa = PBXGroup;
			children = (
				68219A761E0AFEEA004E822F /* FriendsViewController.swift */,
				68219A781E0B016E004E822F /* EditFriendTableViewCell.swift */,
				68219A7B1E0B04FA004E822F /* EditGroupTableViewCell.swift */,
			);
			name = "Friend VC";
			sourceTree = "<group>";
		};
		682572881DF112A7006150DB /* Conversation Icons */ = {
			isa = PBXGroup;
			children = (
				682572891DF112A7006150DB /* Answer 1 Conversation (In-active).png */,
				6825728A1DF112A7006150DB /* Answer 1 Conversation Icon (Active).png */,
				6825728B1DF112A7006150DB /* Answer 2 Conversation (Active).png */,
				6825728C1DF112A7006150DB /* Answer 2 Conversation (In-active).png */,
				6825728D1DF112A7006150DB /* Everybody Active Conversation (Active).png */,
				6825728E1DF112A7006150DB /* Everybody Conversation (In-active).png */,
				6825728F1DF112A7006150DB /* Undecided Conversation (Active).png */,
				682572901DF112A7006150DB /* Undecided Conversation (In-active).png */,
			);
			name = "Conversation Icons";
			path = "../../Q Messenger/Conversation Icons";
			sourceTree = "<group>";
		};
		68B118D71E15B7CC006F05B7 /* Group VC */ = {
			isa = PBXGroup;
			children = (
				68E2F7E31E158976002E13D9 /* GroupViewController.swift */,
				68B118D51E15B7B6006F05B7 /* EditGroupMemberTableViewCell.swift */,
			);
			name = "Group VC";
			sourceTree = "<group>";
		};
		68CCC4901DC7D5B80094F3AE /* Select Recipients VCs */ = {
			isa = PBXGroup;
			children = (
				68CCC4841DC526CC0094F3AE /* SelectRecipientsViewController.swift */,
				68CCC47E1DC524230094F3AE /* FriendTableViewCell.swift */,
				68CCC48C1DC6C8F10094F3AE /* UserTableViewCell.swift */,
				68CCC48E1DC7D5AD0094F3AE /* GroupTableViewCell.swift */,
				682DB39C1DCFD715009015AC /* GroupMemberTableViewCell.swift */,
			);
			name = "Select Recipients VCs";
			sourceTree = "<group>";
		};
		68CCC4951DC7E5840094F3AE /* Create Account VCs */ = {
			isa = PBXGroup;
			children = (
				68CCC4961DC7E6120094F3AE /* EnterEmail&PasswordViewController.swift */,
				68D384261DBBF28D000B4084 /* EnterNameViewController.swift */,
				68D384281DBBF31C000B4084 /* SelectBirthdayViewController.swift */,
				68CCC4981DC7E63B0094F3AE /* ChooseProfilePictureViewController.swift */,
			);
			name = "Create Account VCs";
			sourceTree = "<group>";
		};
		68D3842C1DBFBBB4000B4084 /* Sdk */ = {
			isa = PBXGroup;
			children = (
				68D3842D1DBFBBB4000B4084 /* Aws */,
				68D384301DBFBBB4000B4084 /* CheckXcodeVersion.sh */,
			);
			name = Sdk;
			path = Qv1/Sdk;
			sourceTree = "<group>";
		};
		68D3842D1DBFBBB4000B4084 /* Aws */ = {
			isa = PBXGroup;
			children = (
				68D3842E1DBFBBB4000B4084 /* AWSCore.framework */,
				68D3842F1DBFBBB4000B4084 /* AWSDynamoDB.framework */,
			);
			path = Aws;
			sourceTree = "<group>";
		};
		68DBF3991DB6EFA100C87385 /* Models */ = {
			isa = PBXGroup;
			children = (
				68B999BE1DFF25FE00959721 /* PieChart.swift */,
				68CCC4881DC6A7B40094F3AE /* Contact.swift */,
				68DBF3971DB6EF9A00C87385 /* User.swift */,
				68DBF39A1DB6EFB000C87385 /* Polls.swift */,
				68C3C82B1DC922B3000B9730 /* Recipient.swift */,
			);
			name = Models;
			sourceTree = "<group>";
		};
		68DBF39C1DB6EFD100C87385 /* ViewControllers */ = {
			isa = PBXGroup;
			children = (
				68D384241DBBF1E7000B4084 /* LoginOrSignUpViewController.swift */,
				68CCC49C1DC8227B0094F3AE /* LoginViewController.swift */,
				68CCC4951DC7E5840094F3AE /* Create Account VCs */,
				680DF2DF1DB5933200452A4E /* VerifyPhoneViewController.swift */,
				68012E711DB5BEE000676EAF /* EnterPinViewController.swift */,
				68DBF3951DB6EF5000C87385 /* HomeViewController.swift */,
				6880A9B31DC41506000BB884 /* SuggestedAnswerOptionTableViewCell.swift */,
				6880A9B51DC41998000BB884 /* CreatePollViewController.swift */,
				682DB39A1DCFB228009015AC /* EditGroupViewController.swift */,
				682DB3A21DD16A4A009015AC /* PollTableViewCell.swift */,
				6869CEE31DF8EE1200F8207C /* ProfilePollTableViewCell.swift */,
				682572861DF0DADF006150DB /* PollGroupMemberCollectionViewCell.swift */,
				682572991DF79880006150DB /* UserProfileViewController.swift */,
				68B118D71E15B7CC006F05B7 /* Group VC */,
				68219A7A1E0B017E004E822F /* Friend VC */,
				68BDD7C01DFA0A2500C64B7C /* WebViewController.swift */,
				6819B6151DD94F880099A98B /* ChatVCs */,
				68CCC4901DC7D5B80094F3AE /* Select Recipients VCs */,
			);
			name = ViewControllers;
			sourceTree = "<group>";
		};
		68DBF3A41DB6F5EB00C87385 /* Navigation Icons */ = {
			isa = PBXGroup;
			children = (
				6819B62F1DDA8E1E0099A98B /* friendmessagetail.png */,
				6819B62D1DDA8D8E0099A98B /* mymessagetail.png */,
				68CCC4821DC525120094F3AE /* selectedicon.png */,
				68CCC4801DC5250F0094F3AE /* notselectedicon.png */,
				68DBF3A51DB6F6E900C87385 /* small inbox.png */,
				68DBF3A91DB6F71600C87385 /* small inbox empty.png */,
				68DBF3A71DB6F6FF00C87385 /* small ask.png */,
				68DBF39D1DB6F5DC00C87385 /* ask.png */,
				68D384221DBBEACA000B4084 /* Text Field Underline.png */,
				68DBF39E1DB6F5DC00C87385 /* inboxActive.png */,
				68DBF39F1DB6F5DC00C87385 /* inboxEmpty.png */,
			);
			name = "Navigation Icons";
			sourceTree = "<group>";
		};
		A46A0ACBC6389C255DF8EC08 /* Frameworks */ = {
			isa = PBXGroup;
			children = (
				68D384471DBFBD36000B4084 /* libsqlite3.tbd */,
				68D384451DBFBD2C000B4084 /* libz.tbd */,
				B8046ED601EC746EAD46B385 /* Pods_Qv1.framework */,
			);
			name = Frameworks;
			sourceTree = "<group>";
		};
/* End PBXGroup section */

/* Begin PBXNativeTarget section */
		680DF2D91DB5933200452A4E /* Qv1 */ = {
			isa = PBXNativeTarget;
			buildConfigurationList = 680DF2EF1DB5933200452A4E /* Build configuration list for PBXNativeTarget "Qv1" */;
			buildPhases = (
				70D14A7ACD2BBD4EDCE4F2C2 /* [CP] Check Pods Manifest.lock */,
				680DF2D61DB5933200452A4E /* Sources */,
				680DF2D71DB5933200452A4E /* Frameworks */,
				680DF2D81DB5933200452A4E /* Resources */,
				1BF98E28EEAE009AE7A45737 /* [CP] Embed Pods Frameworks */,
				42A9B50202E2F1389577327D /* [CP] Copy Pods Resources */,
				68D384381DBFBC05000B4084 /* Embed Frameworks */,
				685E9B9F1DEBAE8800D95C15 /* ShellScript */,
			);
			buildRules = (
			);
			dependencies = (
			);
			name = Qv1;
			productName = Qv1;
			productReference = 680DF2DA1DB5933200452A4E /* Qv1.app */;
			productType = "com.apple.product-type.application";
		};
/* End PBXNativeTarget section */

/* Begin PBXProject section */
		680DF2D21DB5933200452A4E /* Project object */ = {
			isa = PBXProject;
			attributes = {
				LastSwiftUpdateCheck = 0800;
				LastUpgradeCheck = 0800;
				ORGANIZATIONNAME = "Spencer Johnson";
				TargetAttributes = {
					680DF2D91DB5933200452A4E = {
						CreatedOnToolsVersion = 8.0;
						DevelopmentTeam = S9J57RY573;
						ProvisioningStyle = Automatic;
						SystemCapabilities = {
							com.apple.Keychain = {
								enabled = 1;
							};
						};
					};
				};
			};
			buildConfigurationList = 680DF2D51DB5933200452A4E /* Build configuration list for PBXProject "Qv1" */;
			compatibilityVersion = "Xcode 3.2";
			developmentRegion = English;
			hasScannedForEncodings = 0;
			knownRegions = (
				en,
				Base,
			);
			mainGroup = 680DF2D11DB5933200452A4E;
			productRefGroup = 680DF2DB1DB5933200452A4E /* Products */;
			projectDirPath = "";
			projectRoot = "";
			targets = (
				680DF2D91DB5933200452A4E /* Qv1 */,
			);
		};
/* End PBXProject section */

/* Begin PBXResourcesBuildPhase section */
		680DF2D81DB5933200452A4E /* Resources */ = {
			isa = PBXResourcesBuildPhase;
			buildActionMask = 2147483647;
			files = (
				68DBF3A21DB6F5DC00C87385 /* inboxEmpty.png in Resources */,
				68DBF3A61DB6F6E900C87385 /* small inbox.png in Resources */,
				680DF2FA1DB5960800452A4E /* ProximaNova-Light.otf in Resources */,
				6819B6321DDAB0540099A98B /* conversationicon.png in Resources */,
				680DF2FB1DB5960800452A4E /* ProximaNova-Reg.otf in Resources */,
				6819B6361DDB95B00099A98B /* De-selectedResultsIcon.png in Resources */,
				6819B6381DDB95B50099A98B /* selectedResultsICon.png in Resources */,
				68D384331DBFBBB4000B4084 /* CheckXcodeVersion.sh in Resources */,
				685E9B9E1DE9FED300D95C15 /* hide icon.png in Resources */,
				68D3841F1DBBE706000B4084 /* Login Button Background.png in Resources */,
				680DF2FC1DB5960800452A4E /* ProximaNova-Sbold.otf in Resources */,
				68219A6F1E00AABE004E822F /* cameraIcon.png in Resources */,
				685ED1741DD6747400C85F37 /* Main.storyboard in Resources */,
				682572981DF112A7006150DB /* Undecided Conversation (In-active).png in Resources */,
				680DF2FD1DB5960800452A4E /* ProximaNovaSoft-Bold.otf in Resources */,
				68219A7E1E0B3096004E822F /* addGroup.png in Resources */,
				68DBF3A81DB6F6FF00C87385 /* small ask.png in Resources */,
				680DF2FE1DB5960800452A4E /* ProximaNovaSoft-Medium.otf in Resources */,
				68D384231DBBEACA000B4084 /* Text Field Underline.png in Resources */,
				6819B6341DDAB2760099A98B /* usericon.png in Resources */,
				6819B6121DD9048A0099A98B /* red answer.png in Resources */,
				680DF2FF1DB5960800452A4E /* ProximaNovaSoft.otf in Resources */,
				683166811DD6B752003EDC21 /* gradient.png in Resources */,
				6828C20C1DE3C51E005AEC0F /* linkIcon.png in Resources */,
				6819B6281DD958C50099A98B /* ask icon.png in Resources */,
				6819B63E1DDBB3AB0099A98B /* LeastVotesAnswerBackground.png in Resources */,
				685E9B9C1DE9FEC700D95C15 /* show icon.png in Resources */,
				68012E701DB5A42600676EAF /* iPhone 7 Plus.png in Resources */,
				68CCC49B1DC8067B0094F3AE /* GoogleService-Info.plist in Resources */,
				6819B6101DD904860099A98B /* green answer.png in Resources */,
				6819B6301DDA8E1E0099A98B /* friendmessagetail.png in Resources */,
				68D3841D1DBBE701000B4084 /* Sign Up Button Background.png in Resources */,
				6819B63A1DDBA0EB0099A98B /* Login Button Background.png in Resources */,
				685EFABC1E37EAF2007FB8FE /* elipses Icon.png in Resources */,
				682572961DF112A7006150DB /* Everybody Conversation (In-active).png in Resources */,
				680DF3001DB5960800452A4E /* SourceSansPro-LightIt.otf in Resources */,
				68DBF3A01DB6F5DC00C87385 /* ask.png in Resources */,
				68CCC4831DC525120094F3AE /* selectedicon.png in Resources */,
				68CCC4811DC5250F0094F3AE /* notselectedicon.png in Resources */,
				68219A751E033032004E822F /* greenBackground.png in Resources */,
				682572951DF112A7006150DB /* Everybody Active Conversation (Active).png in Resources */,
				68D384211DBBE925000B4084 /* Blue Button Background.png in Resources */,
				68B999C11DFF434900959721 /* piechartcenter.png in Resources */,
				680DF2EB1DB5933200452A4E /* LaunchScreen.storyboard in Resources */,
				6825729C1DF7ADF8006150DB /* profile social.PNG in Resources */,
				6819B6141DD90B010099A98B /* grey answer.png in Resources */,
				6819B62E1DDA8D8E0099A98B /* mymessagetail.png in Resources */,
				68B999C31DFF589700959721 /* shareIcon.png in Resources */,
				68219A741E033032004E822F /* redBackground.png in Resources */,
				68DA700D1E0092C700B396C5 /* Logo.png in Resources */,
				68DBF3AA1DB6F71600C87385 /* small inbox empty.png in Resources */,
				680DF2E81DB5933200452A4E /* Assets.xcassets in Resources */,
				68DBF3A11DB6F5DC00C87385 /* inboxActive.png in Resources */,
				6819B6401DDD1A270099A98B /* reloadAnswersIcon.png in Resources */,
				682572941DF112A7006150DB /* Answer 2 Conversation (In-active).png in Resources */,
				6819B63C1DDBB3380099A98B /* MostVotesAnswerBackground.png in Resources */,
				680DF3021DB59A3A00452A4E /* quarry.png in Resources */,
				682572921DF112A7006150DB /* Answer 1 Conversation Icon (Active).png in Resources */,
				682572971DF112A7006150DB /* Undecided Conversation (Active).png in Resources */,
				68CCC48B1DC6BFDB0094F3AE /* contactIcon.png in Resources */,
				682DB3A11DCFF394009015AC /* edit icon.jpg in Resources */,
				682572931DF112A7006150DB /* Answer 2 Conversation (Active).png in Resources */,
				682572911DF112A7006150DB /* Answer 1 Conversation (In-active).png in Resources */,
				68219A711E00B0B9004E822F /* galleryIcon.png in Resources */,
			);
			runOnlyForDeploymentPostprocessing = 0;
		};
/* End PBXResourcesBuildPhase section */

/* Begin PBXShellScriptBuildPhase section */
		1BF98E28EEAE009AE7A45737 /* [CP] Embed Pods Frameworks */ = {
			isa = PBXShellScriptBuildPhase;
			buildActionMask = 2147483647;
			files = (
			);
			inputPaths = (
			);
			name = "[CP] Embed Pods Frameworks";
			outputPaths = (
			);
			runOnlyForDeploymentPostprocessing = 0;
			shellPath = /bin/sh;
			shellScript = "\"${SRCROOT}/Pods/Target Support Files/Pods-Qv1/Pods-Qv1-frameworks.sh\"\n";
			showEnvVarsInLog = 0;
		};
		42A9B50202E2F1389577327D /* [CP] Copy Pods Resources */ = {
			isa = PBXShellScriptBuildPhase;
			buildActionMask = 2147483647;
			files = (
			);
			inputPaths = (
			);
			name = "[CP] Copy Pods Resources";
			outputPaths = (
			);
			runOnlyForDeploymentPostprocessing = 0;
			shellPath = /bin/sh;
			shellScript = "\"${SRCROOT}/Pods/Target Support Files/Pods-Qv1/Pods-Qv1-resources.sh\"\n";
			showEnvVarsInLog = 0;
		};
		685E9B9F1DEBAE8800D95C15 /* ShellScript */ = {
			isa = PBXShellScriptBuildPhase;
			buildActionMask = 2147483647;
			files = (
			);
			inputPaths = (
			);
			outputPaths = (
			);
			runOnlyForDeploymentPostprocessing = 0;
			shellPath = /bin/sh;
			shellScript = "";
		};
		70D14A7ACD2BBD4EDCE4F2C2 /* [CP] Check Pods Manifest.lock */ = {
			isa = PBXShellScriptBuildPhase;
			buildActionMask = 2147483647;
			files = (
			);
			inputPaths = (
			);
			name = "[CP] Check Pods Manifest.lock";
			outputPaths = (
			);
			runOnlyForDeploymentPostprocessing = 0;
			shellPath = /bin/sh;
			shellScript = "diff \"${PODS_ROOT}/../Podfile.lock\" \"${PODS_ROOT}/Manifest.lock\" > /dev/null\nif [ $? != 0 ] ; then\n    # print error to STDERR\n    echo \"error: The sandbox is not in sync with the Podfile.lock. Run 'pod install' or update your CocoaPods installation.\" >&2\n    exit 1\nfi\n";
			showEnvVarsInLog = 0;
		};
/* End PBXShellScriptBuildPhase section */

/* Begin PBXSourcesBuildPhase section */
		680DF2D61DB5933200452A4E /* Sources */ = {
			isa = PBXSourcesBuildPhase;
			buildActionMask = 2147483647;
			files = (
				68CCC49D1DC8227B0094F3AE /* LoginViewController.swift in Sources */,
				68B999BF1DFF25FE00959721 /* PieChart.swift in Sources */,
				68BDD7C11DFA0A2500C64B7C /* WebViewController.swift in Sources */,
				6819B6461DDE7D440099A98B /* ChatMemberCollectionViewCell.swift in Sources */,
				682DB39D1DCFD715009015AC /* GroupMemberTableViewCell.swift in Sources */,
				682DB3A91DD66FF3009015AC /* CurrentUserMessageTableViewCell.swift in Sources */,
				6869CEE41DF8EE1200F8207C /* ProfilePollTableViewCell.swift in Sources */,
				68219A7C1E0B04FA004E822F /* EditGroupTableViewCell.swift in Sources */,
				682DB3A71DD66F74009015AC /* FriendMessageTableViewCell.swift in Sources */,
				68CCC48F1DC7D5AD0094F3AE /* GroupTableViewCell.swift in Sources */,
				682DB3A31DD16A4A009015AC /* PollTableViewCell.swift in Sources */,
				68D384271DBBF28D000B4084 /* EnterNameViewController.swift in Sources */,
				68C3C82C1DC922B3000B9730 /* Recipient.swift in Sources */,
				68CCC4891DC6A7B40094F3AE /* Contact.swift in Sources */,
				68CCC4991DC7E63B0094F3AE /* ChooseProfilePictureViewController.swift in Sources */,
				68219A791E0B016E004E822F /* EditFriendTableViewCell.swift in Sources */,
				68DBF3961DB6EF5000C87385 /* HomeViewController.swift in Sources */,
				68CCC48D1DC6C8F10094F3AE /* UserTableViewCell.swift in Sources */,
				6880A9B61DC41998000BB884 /* CreatePollViewController.swift in Sources */,
				68D384251DBBF1E7000B4084 /* LoginOrSignUpViewController.swift in Sources */,
				680DF2E01DB5933200452A4E /* VerifyPhoneViewController.swift in Sources */,
				6880A9B41DC41506000BB884 /* SuggestedAnswerOptionTableViewCell.swift in Sources */,
				68DBF3981DB6EF9A00C87385 /* User.swift in Sources */,
				68CCC47F1DC524230094F3AE /* FriendTableViewCell.swift in Sources */,
				68DBF39B1DB6EFB000C87385 /* Polls.swift in Sources */,
				68B118D61E15B7B6006F05B7 /* EditGroupMemberTableViewCell.swift in Sources */,
				682DB39B1DCFB228009015AC /* EditGroupViewController.swift in Sources */,
				6880A9B81DC4589B000BB884 /* HexToCGFloat.swift in Sources */,
				6825729A1DF79880006150DB /* UserProfileViewController.swift in Sources */,
				680DF2E61DB5933200452A4E /* Qv1.xcdatamodeld in Sources */,
				68D384291DBBF31C000B4084 /* SelectBirthdayViewController.swift in Sources */,
				68219A771E0AFEEA004E822F /* FriendsViewController.swift in Sources */,
				680DF2DE1DB5933200452A4E /* AppDelegate.swift in Sources */,
				682DB3A51DD66E95009015AC /* ChatViewController.swift in Sources */,
				68CCC4971DC7E6120094F3AE /* EnterEmail&PasswordViewController.swift in Sources */,
				682572871DF0DADF006150DB /* PollGroupMemberCollectionViewCell.swift in Sources */,
				68E2F7E41E158976002E13D9 /* GroupViewController.swift in Sources */,
				68CCC4851DC526CC0094F3AE /* SelectRecipientsViewController.swift in Sources */,
				68012E721DB5BEE000676EAF /* EnterPinViewController.swift in Sources */,
			);
			runOnlyForDeploymentPostprocessing = 0;
		};
/* End PBXSourcesBuildPhase section */

/* Begin PBXVariantGroup section */
		680DF2E91DB5933200452A4E /* LaunchScreen.storyboard */ = {
			isa = PBXVariantGroup;
			children = (
				680DF2EA1DB5933200452A4E /* Base */,
			);
			name = LaunchScreen.storyboard;
			sourceTree = "<group>";
		};
/* End PBXVariantGroup section */

/* Begin XCBuildConfiguration section */
		680DF2ED1DB5933200452A4E /* Debug */ = {
			isa = XCBuildConfiguration;
			buildSettings = {
				ALWAYS_SEARCH_USER_PATHS = NO;
				CLANG_ANALYZER_NONNULL = YES;
				CLANG_CXX_LANGUAGE_STANDARD = "gnu++0x";
				CLANG_CXX_LIBRARY = "libc++";
				CLANG_ENABLE_MODULES = YES;
				CLANG_ENABLE_OBJC_ARC = YES;
				CLANG_WARN_BOOL_CONVERSION = YES;
				CLANG_WARN_CONSTANT_CONVERSION = YES;
				CLANG_WARN_DIRECT_OBJC_ISA_USAGE = YES_ERROR;
				CLANG_WARN_DOCUMENTATION_COMMENTS = YES;
				CLANG_WARN_EMPTY_BODY = YES;
				CLANG_WARN_ENUM_CONVERSION = YES;
				CLANG_WARN_INFINITE_RECURSION = YES;
				CLANG_WARN_INT_CONVERSION = YES;
				CLANG_WARN_OBJC_ROOT_CLASS = YES_ERROR;
				CLANG_WARN_SUSPICIOUS_MOVES = YES;
				CLANG_WARN_UNREACHABLE_CODE = YES;
				CLANG_WARN__DUPLICATE_METHOD_MATCH = YES;
				"CODE_SIGN_IDENTITY[sdk=iphoneos*]" = "iPhone Developer";
				COPY_PHASE_STRIP = NO;
				DEBUG_INFORMATION_FORMAT = dwarf;
				ENABLE_STRICT_OBJC_MSGSEND = YES;
				ENABLE_TESTABILITY = YES;
				GCC_C_LANGUAGE_STANDARD = gnu99;
				GCC_DYNAMIC_NO_PIC = NO;
				GCC_NO_COMMON_BLOCKS = YES;
				GCC_OPTIMIZATION_LEVEL = 0;
				GCC_PREPROCESSOR_DEFINITIONS = (
					"DEBUG=1",
					"$(inherited)",
				);
				GCC_WARN_64_TO_32_BIT_CONVERSION = YES;
				GCC_WARN_ABOUT_RETURN_TYPE = YES_ERROR;
				GCC_WARN_UNDECLARED_SELECTOR = YES;
				GCC_WARN_UNINITIALIZED_AUTOS = YES_AGGRESSIVE;
				GCC_WARN_UNUSED_FUNCTION = YES;
				GCC_WARN_UNUSED_VARIABLE = YES;
				IPHONEOS_DEPLOYMENT_TARGET = 10.0;
				MTL_ENABLE_DEBUG_INFO = YES;
				ONLY_ACTIVE_ARCH = YES;
				SDKROOT = iphoneos;
				SWIFT_ACTIVE_COMPILATION_CONDITIONS = DEBUG;
				SWIFT_OPTIMIZATION_LEVEL = "-Onone";
				TARGETED_DEVICE_FAMILY = "1,2";
			};
			name = Debug;
		};
		680DF2EE1DB5933200452A4E /* Release */ = {
			isa = XCBuildConfiguration;
			buildSettings = {
				ALWAYS_SEARCH_USER_PATHS = NO;
				CLANG_ANALYZER_NONNULL = YES;
				CLANG_CXX_LANGUAGE_STANDARD = "gnu++0x";
				CLANG_CXX_LIBRARY = "libc++";
				CLANG_ENABLE_MODULES = YES;
				CLANG_ENABLE_OBJC_ARC = YES;
				CLANG_WARN_BOOL_CONVERSION = YES;
				CLANG_WARN_CONSTANT_CONVERSION = YES;
				CLANG_WARN_DIRECT_OBJC_ISA_USAGE = YES_ERROR;
				CLANG_WARN_DOCUMENTATION_COMMENTS = YES;
				CLANG_WARN_EMPTY_BODY = YES;
				CLANG_WARN_ENUM_CONVERSION = YES;
				CLANG_WARN_INFINITE_RECURSION = YES;
				CLANG_WARN_INT_CONVERSION = YES;
				CLANG_WARN_OBJC_ROOT_CLASS = YES_ERROR;
				CLANG_WARN_SUSPICIOUS_MOVES = YES;
				CLANG_WARN_UNREACHABLE_CODE = YES;
				CLANG_WARN__DUPLICATE_METHOD_MATCH = YES;
				"CODE_SIGN_IDENTITY[sdk=iphoneos*]" = "iPhone Developer";
				COPY_PHASE_STRIP = NO;
				DEBUG_INFORMATION_FORMAT = "dwarf-with-dsym";
				ENABLE_NS_ASSERTIONS = NO;
				ENABLE_STRICT_OBJC_MSGSEND = YES;
				GCC_C_LANGUAGE_STANDARD = gnu99;
				GCC_NO_COMMON_BLOCKS = YES;
				GCC_WARN_64_TO_32_BIT_CONVERSION = YES;
				GCC_WARN_ABOUT_RETURN_TYPE = YES_ERROR;
				GCC_WARN_UNDECLARED_SELECTOR = YES;
				GCC_WARN_UNINITIALIZED_AUTOS = YES_AGGRESSIVE;
				GCC_WARN_UNUSED_FUNCTION = YES;
				GCC_WARN_UNUSED_VARIABLE = YES;
				IPHONEOS_DEPLOYMENT_TARGET = 10.0;
				MTL_ENABLE_DEBUG_INFO = NO;
				SDKROOT = iphoneos;
				SWIFT_OPTIMIZATION_LEVEL = "-Owholemodule";
				TARGETED_DEVICE_FAMILY = "1,2";
				VALIDATE_PRODUCT = YES;
			};
			name = Release;
		};
		680DF2F01DB5933200452A4E /* Debug */ = {
			isa = XCBuildConfiguration;
			baseConfigurationReference = 4DE9B6A28C941F22C37D448C /* Pods-Qv1.debug.xcconfig */;
			buildSettings = {
				ALWAYS_SEARCH_USER_PATHS = YES;
				ASSETCATALOG_COMPILER_APPICON_NAME = AppIcon;
				CODE_SIGN_ENTITLEMENTS = Qv1/Qv1.entitlements;
				DEVELOPMENT_TEAM = S9J57RY573;
				FRAMEWORK_SEARCH_PATHS = (
					"$(inherited)",
					"$(PROJECT_DIR)/Qv1/Sdk/Aws",
					"$(PROJECT_DIR)/Qv1/AmazonAws",
					"$(PROJECT_DIR)/Qv1/Sdk/Facebook",
					/Users/spencerjohnson/Documents/FacebookSDK,
				);
				INFOPLIST_FILE = Qv1/Info.plist;
				LD_RUNPATH_SEARCH_PATHS = "$(inherited) @executable_path/Frameworks";
				PRODUCT_BUNDLE_IDENTIFIER = SMJ.Quin;
				PRODUCT_NAME = "$(TARGET_NAME)";
				SWIFT_VERSION = 3.0;
			};
			name = Debug;
		};
		680DF2F11DB5933200452A4E /* Release */ = {
			isa = XCBuildConfiguration;
			baseConfigurationReference = A4124686FDA3D5ED3994D781 /* Pods-Qv1.release.xcconfig */;
			buildSettings = {
				ALWAYS_SEARCH_USER_PATHS = YES;
				ASSETCATALOG_COMPILER_APPICON_NAME = AppIcon;
				CODE_SIGN_ENTITLEMENTS = Qv1/Qv1.entitlements;
				DEVELOPMENT_TEAM = S9J57RY573;
				FRAMEWORK_SEARCH_PATHS = (
					"$(inherited)",
					"$(PROJECT_DIR)/Qv1/Sdk/Aws",
					"$(PROJECT_DIR)/Qv1/AmazonAws",
					"$(PROJECT_DIR)/Qv1/Sdk/Facebook",
					/Users/spencerjohnson/Documents/FacebookSDK,
				);
				INFOPLIST_FILE = Qv1/Info.plist;
				LD_RUNPATH_SEARCH_PATHS = "$(inherited) @executable_path/Frameworks";
				PRODUCT_BUNDLE_IDENTIFIER = SMJ.Quin;
				PRODUCT_NAME = "$(TARGET_NAME)";
				SWIFT_VERSION = 3.0;
			};
			name = Release;
		};
/* End XCBuildConfiguration section */

/* Begin XCConfigurationList section */
		680DF2D51DB5933200452A4E /* Build configuration list for PBXProject "Qv1" */ = {
			isa = XCConfigurationList;
			buildConfigurations = (
				680DF2ED1DB5933200452A4E /* Debug */,
				680DF2EE1DB5933200452A4E /* Release */,
			);
			defaultConfigurationIsVisible = 0;
			defaultConfigurationName = Release;
		};
		680DF2EF1DB5933200452A4E /* Build configuration list for PBXNativeTarget "Qv1" */ = {
			isa = XCConfigurationList;
			buildConfigurations = (
				680DF2F01DB5933200452A4E /* Debug */,
				680DF2F11DB5933200452A4E /* Release */,
			);
			defaultConfigurationIsVisible = 0;
			defaultConfigurationName = Release;
		};
/* End XCConfigurationList section */

/* Begin XCVersionGroup section */
		680DF2E41DB5933200452A4E /* Qv1.xcdatamodeld */ = {
			isa = XCVersionGroup;
			children = (
				680DF2E51DB5933200452A4E /* Qv1.xcdatamodel */,
			);
			currentVersion = 680DF2E51DB5933200452A4E /* Qv1.xcdatamodel */;
			path = Qv1.xcdatamodeld;
			sourceTree = "<group>";
			versionGroupType = wrapper.xcdatamodel;
		};
/* End XCVersionGroup section */
	};
	rootObject = 680DF2D21DB5933200452A4E /* Project object */;
}
